
Microsoft Visual Studio Solution File, Format Version 12.00
# Visual Studio Version 16
VisualStudioVersion = 16.0.31624.102
MinimumVisualStudioVersion = 10.0.40219.1
Project("{FAE04EC0-301F-11D3-BF4B-00C04F79EFBC}") = "ImageRepo", "ImageRepo.csproj", "{B6D88380-EF42-454C-B367-5897BF20D0EF}"
EndProject
Global
	GlobalSection(SolutionConfigurationPlatforms) = preSolution
		Debug|Any CPU = Debug|Any CPU
		Release|Any CPU = Release|Any CPU
	EndGlobalSection
	GlobalSection(ProjectConfigurationPlatforms) = postSolution
		{B6D88380-EF42-454C-B367-5897BF20D0EF}.Debug|Any CPU.ActiveCfg = Debug|Any CPU
		{B6D88380-EF42-454C-B367-5897BF20D0EF}.Debug|Any CPU.Build.0 = Debug|Any CPU
		{B6D88380-EF42-454C-B367-5897BF20D0EF}.Release|Any CPU.ActiveCfg = Release|Any CPU
		{B6D88380-EF42-454C-B367-5897BF20D0EF}.Release|Any CPU.Build.0 = Release|Any CPU
	EndGlobalSection
	GlobalSection(SolutionProperties) = preSolution
		HideSolutionNode = FALSE
	EndGlobalSection
	GlobalSection(ExtensibilityGlobals) = postSolution
		SolutionGuid = {96C7F85B-264C-4EC6-A235-460E956B4EB3}
	EndGlobalSection
EndGlobal
